
Microsoft Visual Studio Solution File, Format Version 12.00
# Visual Studio Version 17
VisualStudioVersion = 17.0.31903.59
MinimumVisualStudioVersion = 10.0.40219.1
Project("{FAE04EC0-301F-11D3-BF4B-00C04F79EFBC}") = "epoch", "epoch\epoch.csproj", "{F843ACAC-3D0E-4613-B1A7-6635B1F46177}"
EndProject
Project("{FAE04EC0-301F-11D3-BF4B-00C04F79EFBC}") = "epoch.Tests", "epoch.Tests\epoch.Tests.csproj", "{FDF27FA0-F495-403F-ACAA-E88CC7A2A68D}"
EndProject
Global
	GlobalSection(SolutionConfigurationPlatforms) = preSolution
		Debug|Any CPU = Debug|Any CPU
		Release|Any CPU = Release|Any CPU
	EndGlobalSection
	GlobalSection(SolutionProperties) = preSolution
		HideSolutionNode = FALSE
	EndGlobalSection
	GlobalSection(ProjectConfigurationPlatforms) = postSolution
		{F843ACAC-3D0E-4613-B1A7-6635B1F46177}.Debug|Any CPU.ActiveCfg = Debug|Any CPU
		{F843ACAC-3D0E-4613-B1A7-6635B1F46177}.Debug|Any CPU.Build.0 = Debug|Any CPU
		{F843ACAC-3D0E-4613-B1A7-6635B1F46177}.Release|Any CPU.ActiveCfg = Release|Any CPU
		{F843ACAC-3D0E-4613-B1A7-6635B1F46177}.Release|Any CPU.Build.0 = Release|Any CPU
		{FDF27FA0-F495-403F-ACAA-E88CC7A2A68D}.Debug|Any CPU.ActiveCfg = Debug|Any CPU
		{FDF27FA0-F495-403F-ACAA-E88CC7A2A68D}.Debug|Any CPU.Build.0 = Debug|Any CPU
		{FDF27FA0-F495-403F-ACAA-E88CC7A2A68D}.Release|Any CPU.ActiveCfg = Release|Any CPU
		{FDF27FA0-F495-403F-ACAA-E88CC7A2A68D}.Release|Any CPU.Build.0 = Release|Any CPU
	EndGlobalSection
EndGlobal
